
Microsoft Visual Studio Solution File, Format Version 12.00
# Visual Studio Version 17
VisualStudioVersion = 17.4.33103.184
MinimumVisualStudioVersion = 10.0.40219.1
Project("{FAE04EC0-301F-11D3-BF4B-00C04F79EFBC}") = "homenodetestapp", "homenodetestapp\homenodetestapp.csproj", "{B4E7F0DE-E59A-474F-9293-DCE911796BAE}"
EndProject
Global
	GlobalSection(SolutionConfigurationPlatforms) = preSolution
		Debug|Any CPU = Debug|Any CPU
		Release|Any CPU = Release|Any CPU
	EndGlobalSection
	GlobalSection(ProjectConfigurationPlatforms) = postSolution
		{B4E7F0DE-E59A-474F-9293-DCE911796BAE}.Debug|Any CPU.ActiveCfg = Debug|Any CPU
		{B4E7F0DE-E59A-474F-9293-DCE911796BAE}.Debug|Any CPU.Build.0 = Debug|Any CPU
		{B4E7F0DE-E59A-474F-9293-DCE911796BAE}.Release|Any CPU.ActiveCfg = Release|Any CPU
		{B4E7F0DE-E59A-474F-9293-DCE911796BAE}.Release|Any CPU.Build.0 = Release|Any CPU
	EndGlobalSection
	GlobalSection(SolutionProperties) = preSolution
		HideSolutionNode = FALSE
	EndGlobalSection
	GlobalSection(ExtensibilityGlobals) = postSolution
		SolutionGuid = {3CD52482-24D4-4C84-9D57-F1F13B2E28F5}
	EndGlobalSection
EndGlobal
